<?xml version="1.0" encoding="utf-8"?>
<Project ToolsVersion="4.0" xmlns="http://schemas.microsoft.com/developer/msbuild/2003">
  <ItemGroup>
    <Filter Include="Resource Files">
      <UniqueIdentifier>{67DA6AB6-F800-4c08-8B7A-83BB121AAD01}</UniqueIdentifier>
      <Extensions>rc;ico;cur;bmp;dlg;rc2;rct;bin;rgs;gif;jpg;jpeg;jpe;resx;tiff;tif;png;wav;mfcribbon-ms</Extensions>
    </Filter>
    <Filter Include="V8Kernel Header">
      <UniqueIdentifier>{1dd997ce-cc00-4edd-b910-b91bf4739330}</UniqueIdentifier>
    </Filter>
    <Filter Include="V8Kernel">
      <UniqueIdentifier>{b4dc6a0b-bfb2-4df6-b06e-4bacc7dafdc2}</UniqueIdentifier>
    </Filter>
  </ItemGroup>
  <ItemGroup>
    <ClInclude Include="include\v8kernel\Body.h">
      <Filter>V8Kernel Header</Filter>
    </ClInclude>
    <ClInclude Include="include\v8kernel\Cofm.h">
      <Filter>V8Kernel Header</Filter>
    </ClInclude>
  </ItemGroup>
  <ItemGroup>
    <ClCompile Include="include\v8kernel\Cofm.cpp">
      <Filter>V8Kernel</Filter>
    </ClCompile>
  </ItemGroup>
</Project>